
Microsoft Visual Studio Solution File, Format Version 12.00
# Visual Studio 15
VisualStudioVersion = 15.0.26730.15
MinimumVisualStudioVersion = 10.0.40219.1
Project("{FAE04EC0-301F-11D3-BF4B-00C04F79EFBC}") = "WebApplication1", "WebApplication1\WebApplication1.csproj", "{BAEC0473-6350-4F35-81B1-6CC4ABB5AEA9}"
EndProject
Global
	GlobalSection(SolutionConfigurationPlatforms) = preSolution
		Debug|Any CPU = Debug|Any CPU
		Release|Any CPU = Release|Any CPU
	EndGlobalSection
	GlobalSection(ProjectConfigurationPlatforms) = postSolution
		{BAEC0473-6350-4F35-81B1-6CC4ABB5AEA9}.Debug|Any CPU.ActiveCfg = Debug|Any CPU
		{BAEC0473-6350-4F35-81B1-6CC4ABB5AEA9}.Debug|Any CPU.Build.0 = Debug|Any CPU
		{BAEC0473-6350-4F35-81B1-6CC4ABB5AEA9}.Release|Any CPU.ActiveCfg = Release|Any CPU
		{BAEC0473-6350-4F35-81B1-6CC4ABB5AEA9}.Release|Any CPU.Build.0 = Release|Any CPU
	EndGlobalSection
	GlobalSection(SolutionProperties) = preSolution
		HideSolutionNode = FALSE
	EndGlobalSection
	GlobalSection(ExtensibilityGlobals) = postSolution
		SolutionGuid = {9EBCB180-1979-46D9-BDE3-EEAD1D0D6A7C}
	EndGlobalSection
EndGlobal
